
Microsoft Visual Studio Solution File, Format Version 12.00
# Visual Studio Version 17
VisualStudioVersion = 17.14.36518.9 d17.14
MinimumVisualStudioVersion = 10.0.40219.1
Project("{FAE04EC0-301F-11D3-BF4B-00C04F79EFBC}") = "WWW", "WWW\WWW.csproj", "{679C3251-5F7F-41DB-8886-DE5C3C629D94}"
EndProject
Global
	GlobalSection(SolutionConfigurationPlatforms) = preSolution
		Debug|Any CPU = Debug|Any CPU
		Release|Any CPU = Release|Any CPU
	EndGlobalSection
	GlobalSection(ProjectConfigurationPlatforms) = postSolution
		{679C3251-5F7F-41DB-8886-DE5C3C629D94}.Debug|Any CPU.ActiveCfg = Debug|Any CPU
		{679C3251-5F7F-41DB-8886-DE5C3C629D94}.Debug|Any CPU.Build.0 = Debug|Any CPU
		{679C3251-5F7F-41DB-8886-DE5C3C629D94}.Release|Any CPU.ActiveCfg = Release|Any CPU
		{679C3251-5F7F-41DB-8886-DE5C3C629D94}.Release|Any CPU.Build.0 = Release|Any CPU
	EndGlobalSection
	GlobalSection(SolutionProperties) = preSolution
		HideSolutionNode = FALSE
	EndGlobalSection
	GlobalSection(ExtensibilityGlobals) = postSolution
		SolutionGuid = {48F0AA9A-A733-4855-9DDB-3EA335ABC917}
	EndGlobalSection
EndGlobal
